{
  "files": {
    "services/api/pyproject.toml": "76592c5f50a4886ee64f04bbb9466078f8749965231d30448236e9666d7fb2a6",
    "services/api/requirements-dev.txt": "3ea37b191165ddac542fbc131ca5e78737344484a1b0e32c6a40ed80fa59c097",
    "services/api/requirements.txt": "8b4f29f80d8fcec65fe65a91b462f6a66237006ae811582ccc6bcac630d9c7cc",
    "services/collector/pyproject.toml": "d3204f748d89eb9c37a35fed4f9017311087886a60a2a7ec39838171fcbb52c0",
    "services/collector/requirements-dev.txt": "6d25bc9682f95fe7e79bc453459954b4934276cbab86aa3facaf64bb4cd18aec",
    "services/collector/requirements.txt": "932a78c143d3cdd01acc90b39900856876e7f3124e79af126252e5cfb494bdd9",
    "services/explorer/pyproject.toml": "3cac4e8c2a4f282f5ae81615c36f58e4b7c1843409af3e68f4e6a4e1930c08f9",
    "services/explorer/requirements-dev.txt": "7ee89b52a2a7456d634e0d16425b46d2867ccfbe5ff6d3139f132123fc39c4d1",
    "services/explorer/requirements.txt": "cb7d98ddb80610d128949144e2937b35c787d5bd0dc622dcf0a6b6f52afc9f19",
    "services/frontend/pyproject.toml": "aff13c6d42fbd81e16b8eef3891504727d8b8515ca1cbd81d901177cc47a1396",
    "services/frontend/requirements-dev.txt": "580a7b484175b51b7b41a3081dfbf2e0c9fde4fe0282f213db4c875051b930ce",
    "services/frontend/requirements.txt": "cca3a2b91f8bd83068fb9cb8dc55edcf24fb05f42c14007af8cb24e0281972ab",
    "services/shared/pyproject.toml": "e226280957d57269f9e7ef8886e32e651b75fcb57e1e1c97924491d88834c257",
    "services/shared/requirements.txt": "075271e2b57a1c0869906f93e50116dd9fcdb6fe5ea854bf8f542391e4339f72",
    "uv.lock": "3ee304aa7a6d0d050b6f3c242a7a73e553648a436d1ee234abd598aaa795f192"
  },
  "format": 1,
  "generator": "pip-tools 7.5.3 via uv.lock",
  "known-direct-gaps": [],
  "python": "3.14.7"
}
